
Microsoft Visual Studio Solution File, Format Version 12.00
# Visual Studio 15
VisualStudioVersion = 15.0.27703.2042
MinimumVisualStudioVersion = 10.0.40219.1
Project("{FAE04EC0-301F-11D3-BF4B-00C04F79EFBC}") = "Proyecto2", "Proyecto2\Proyecto2.csproj", "{CA44C605-A2FC-4576-AB67-6EB7D70686E6}"
EndProject
Global
	GlobalSection(SolutionConfigurationPlatforms) = preSolution
		Debug|Any CPU = Debug|Any CPU
		Release|Any CPU = Release|Any CPU
	EndGlobalSection
	GlobalSection(ProjectConfigurationPlatforms) = postSolution
		{CA44C605-A2FC-4576-AB67-6EB7D70686E6}.Debug|Any CPU.ActiveCfg = Debug|Any CPU
		{CA44C605-A2FC-4576-AB67-6EB7D70686E6}.Debug|Any CPU.Build.0 = Debug|Any CPU
		{CA44C605-A2FC-4576-AB67-6EB7D70686E6}.Release|Any CPU.ActiveCfg = Release|Any CPU
		{CA44C605-A2FC-4576-AB67-6EB7D70686E6}.Release|Any CPU.Build.0 = Release|Any CPU
	EndGlobalSection
	GlobalSection(SolutionProperties) = preSolution
		HideSolutionNode = FALSE
	EndGlobalSection
	GlobalSection(ExtensibilityGlobals) = postSolution
		SolutionGuid = {C518B08A-0C58-4873-8660-D5E9FD02C550}
	EndGlobalSection
EndGlobal
